
Microsoft Visual Studio Solution File, Format Version 12.00
# Visual Studio Version 16
VisualStudioVersion = 16.0.30503.244
MinimumVisualStudioVersion = 10.0.40219.1
Project("{FAE04EC0-301F-11D3-BF4B-00C04F79EFBC}") = "Primeiro", "Primeiro\Primeiro.csproj", "{DC63B99F-B97D-4B65-9302-FB2E6247908C}"
EndProject
Global
	GlobalSection(SolutionConfigurationPlatforms) = preSolution
		Debug|Any CPU = Debug|Any CPU
		Release|Any CPU = Release|Any CPU
	EndGlobalSection
	GlobalSection(ProjectConfigurationPlatforms) = postSolution
		{DC63B99F-B97D-4B65-9302-FB2E6247908C}.Debug|Any CPU.ActiveCfg = Debug|Any CPU
		{DC63B99F-B97D-4B65-9302-FB2E6247908C}.Debug|Any CPU.Build.0 = Debug|Any CPU
		{DC63B99F-B97D-4B65-9302-FB2E6247908C}.Release|Any CPU.ActiveCfg = Release|Any CPU
		{DC63B99F-B97D-4B65-9302-FB2E6247908C}.Release|Any CPU.Build.0 = Release|Any CPU
	EndGlobalSection
	GlobalSection(SolutionProperties) = preSolution
		HideSolutionNode = FALSE
	EndGlobalSection
	GlobalSection(ExtensibilityGlobals) = postSolution
		SolutionGuid = {7E675624-8F67-483F-98EF-2FF62832A9BB}
	EndGlobalSection
EndGlobal
